// !$*UTF8*$!
{
	archiveVersion = 1;
	classes = {
	};
	objectVersion = 50;
	objects = {

/* Begin PBXBuildFile section */
		C11B4AF324FF288600DAE2D3 /* AppDelegate.swift in Sources */ = {isa = PBXBuildFile; fileRef = C11B4AF224FF288600DAE2D3 /* AppDelegate.swift */; };
		C11B4AF524FF288600DAE2D3 /* SceneDelegate.swift in Sources */ = {isa = PBXBuildFile; fileRef = C11B4AF424FF288600DAE2D3 /* SceneDelegate.swift */; };
		C11B4AF724FF288600DAE2D3 /* ViewController.swift in Sources */ = {isa = PBXBuildFile; fileRef = C11B4AF624FF288600DAE2D3 /* ViewController.swift */; };
		C11B4AFA24FF288600DAE2D3 /* Main.storyboard in Resources */ = {isa = PBXBuildFile; fileRef = C11B4AF824FF288600DAE2D3 /* Main.storyboard */; };
		C11B4AFD24FF288600DAE2D3 /* Birthday_Tracker.xcdatamodeld in Sources */ = {isa = PBXBuildFile; fileRef = C11B4AFB24FF288600DAE2D3 /* Birthday_Tracker.xcdatamodeld */; };
		C11B4AFF24FF289100DAE2D3 /* Assets.xcassets in Resources */ = {isa = PBXBuildFile; fileRef = C11B4AFE24FF289100DAE2D3 /* Assets.xcassets */; };
		C11B4B0224FF289100DAE2D3 /* LaunchScreen.storyboard in Resources */ = {isa = PBXBuildFile; fileRef = C11B4B0024FF289100DAE2D3 /* LaunchScreen.storyboard */; };
		C1E0BA3E2512EAA8001BA8AD /* Birthday.swift in Sources */ = {isa = PBXBuildFile; fileRef = C1E0BA3D2512EAA8001BA8AD /* Birthday.swift */; };
/* End PBXBuildFile section */

/* Begin PBXFileReference section */
		C11B4AEF24FF288600DAE2D3 /* Birthday Tracker.app */ = {isa = PBXFileReference; explicitFileType = wrapper.application; includeInIndex = 0; path = "Birthday Tracker.app"; sourceTree = BUILT_PRODUCTS_DIR; };
		C11B4AF224FF288600DAE2D3 /* AppDelegate.swift */ = {isa = PBXFileReference; lastKnownFileType = sourcecode.swift; path = AppDelegate.swift; sourceTree = "<group>"; };
		C11B4AF424FF288600DAE2D3 /* SceneDelegate.swift */ = {isa = PBXFileReference; lastKnownFileType = sourcecode.swift; path = SceneDelegate.swift; sourceTree = "<group>"; };
		C11B4AF624FF288600DAE2D3 /* ViewController.swift */ = {isa = PBXFileReference; lastKnownFileType = sourcecode.swift; path = ViewController.swift; sourceTree = "<group>"; };
		C11B4AF924FF288600DAE2D3 /* Base */ = {isa = PBXFileReference; lastKnownFileType = file.storyboard; name = Base; path = Base.lproj/Main.storyboard; sourceTree = "<group>"; };
		C11B4AFC24FF288600DAE2D3 /* Birthday_Tracker.xcdatamodel */ = {isa = PBXFileReference; lastKnownFileType = wrapper.xcdatamodel; path = Birthday_Tracker.xcdatamodel; sourceTree = "<group>"; };
		C11B4AFE24FF289100DAE2D3 /* Assets.xcassets */ = {isa = PBXFileReference; lastKnownFileType = folder.assetcatalog; path = Assets.xcassets; sourceTree = "<group>"; };
		C11B4B0124FF289100DAE2D3 /* Base */ = {isa = PBXFileReference; lastKnownFileType = file.storyboard; name = Base; path = Base.lproj/LaunchScreen.storyboard; sourceTree = "<group>"; };
		C11B4B0324FF289100DAE2D3 /* Info.plist */ = {isa = PBXFileReference; lastKnownFileType = text.plist.xml; path = Info.plist; sourceTree = "<group>"; };
		C1E0BA3D2512EAA8001BA8AD /* Birthday.swift */ = {isa = PBXFileReference; lastKnownFileType = sourcecode.swift; path = Birthday.swift; sourceTree = "<group>"; };
/* End PBXFileReference section */

/* Begin PBXFrameworksBuildPhase section */
		C11B4AEC24FF288600DAE2D3 /* Frameworks */ = {
			isa = PBXFrameworksBuildPhase;
			buildActionMask = 2147483647;
			files = (
			);
			runOnlyForDeploymentPostprocessing = 0;
		};
/* End PBXFrameworksBuildPhase section */

/* Begin PBXGroup section */
		C11B4AE624FF288600DAE2D3 = {
			isa = PBXGroup;
			children = (
				C11B4AF124FF288600DAE2D3 /* Birthday Tracker */,
				C11B4AF024FF288600DAE2D3 /* Products */,
			);
			sourceTree = "<group>";
		};
		C11B4AF024FF288600DAE2D3 /* Products */ = {
			isa = PBXGroup;
			children = (
				C11B4AEF24FF288600DAE2D3 /* Birthday Tracker.app */,
			);
			name = Products;
			sourceTree = "<group>";
		};
		C11B4AF124FF288600DAE2D3 /* Birthday Tracker */ = {
			isa = PBXGroup;
			children = (
				C11B4AF224FF288600DAE2D3 /* AppDelegate.swift */,
				C11B4AF424FF288600DAE2D3 /* SceneDelegate.swift */,
				C11B4AF624FF288600DAE2D3 /* ViewController.swift */,
				C11B4AF824FF288600DAE2D3 /* Main.storyboard */,
				C11B4AFE24FF289100DAE2D3 /* Assets.xcassets */,
				C11B4B0024FF289100DAE2D3 /* LaunchScreen.storyboard */,
				C11B4B0324FF289100DAE2D3 /* Info.plist */,
				C11B4AFB24FF288600DAE2D3 /* Birthday_Tracker.xcdatamodeld */,
				C1E0BA3D2512EAA8001BA8AD /* Birthday.swift */,
			);
			path = "Birthday Tracker";
			sourceTree = "<group>";
		};
/* End PBXGroup section */

/* Begin PBXNativeTarget section */
		C11B4AEE24FF288600DAE2D3 /* Birthday Tracker */ = {
			isa = PBXNativeTarget;
			buildConfigurationList = C11B4B0624FF289100DAE2D3 /* Build configuration list for PBXNativeTarget "Birthday Tracker" */;
			buildPhases = (
				C11B4AEB24FF288600DAE2D3 /* Sources */,
				C11B4AEC24FF288600DAE2D3 /* Frameworks */,
				C11B4AED24FF288600DAE2D3 /* Resources */,
			);
			buildRules = (
			);
			dependencies = (
			);
			name = "Birthday Tracker";
			productName = "Birthday Tracker";
			productReference = C11B4AEF24FF288600DAE2D3 /* Birthday Tracker.app */;
			productType = "com.apple.product-type.application";
		};
/* End PBXNativeTarget section */

/* Begin PBXProject section */
		C11B4AE724FF288600DAE2D3 /* Project object */ = {
			isa = PBXProject;
			attributes = {
				LastSwiftUpdateCheck = 1160;
				LastUpgradeCheck = 1160;
				ORGANIZATIONNAME = "Anya Kapoor";
				TargetAttributes = {
					C11B4AEE24FF288600DAE2D3 = {
						CreatedOnToolsVersion = 11.6;
					};
				};
			};
			buildConfigurationList = C11B4AEA24FF288600DAE2D3 /* Build configuration list for PBXProject "Birthday Tracker" */;
			compatibilityVersion = "Xcode 9.3";
			developmentRegion = en;
			hasScannedForEncodings = 0;
			knownRegions = (
				en,
				Base,
			);
			mainGroup = C11B4AE624FF288600DAE2D3;
			productRefGroup = C11B4AF024FF288600DAE2D3 /* Products */;
			projectDirPath = "";
			projectRoot = "";
			targets = (
				C11B4AEE24FF288600DAE2D3 /* Birthday Tracker */,
			);
		};
/* End PBXProject section */

/* Begin PBXResourcesBuildPhase section */
		C11B4AED24FF288600DAE2D3 /* Resources */ = {
			isa = PBXResourcesBuildPhase;
			buildActionMask = 2147483647;
			files = (
				C11B4B0224FF289100DAE2D3 /* LaunchScreen.storyboard in Resources */,
				C11B4AFF24FF289100DAE2D3 /* Assets.xcassets in Resources */,
				C11B4AFA24FF288600DAE2D3 /* Main.storyboard in Resources */,
			);
			runOnlyForDeploymentPostprocessing = 0;
		};
/* End PBXResourcesBuildPhase section */

/* Begin PBXSourcesBuildPhase section */
		C11B4AEB24FF288600DAE2D3 /* Sources */ = {
			isa = PBXSourcesBuildPhase;
			buildActionMask = 2147483647;
			files = (
				C1E0BA3E2512EAA8001BA8AD /* Birthday.swift in Sources */,
				C11B4AF724FF288600DAE2D3 /* ViewController.swift in Sources */,
				C11B4AF324FF288600DAE2D3 /* AppDelegate.swift in Sources */,
				C11B4AF524FF288600DAE2D3 /* SceneDelegate.swift in Sources */,
				C11B4AFD24FF288600DAE2D3 /* Birthday_Tracker.xcdatamodeld in Sources */,
			);
			runOnlyForDeploymentPostprocessing = 0;
		};
/* End PBXSourcesBuildPhase section */

/* Begin PBXVariantGroup section */
		C11B4AF824FF288600DAE2D3 /* Main.storyboard */ = {
			isa = PBXVariantGroup;
			children = (
				C11B4AF924FF288600DAE2D3 /* Base */,
			);
			name = Main.storyboard;
			sourceTree = "<group>";
		};
		C11B4B0024FF289100DAE2D3 /* LaunchScreen.storyboard */ = {
			isa = PBXVariantGroup;
			children = (
				C11B4B0124FF289100DAE2D3 /* Base */,
			);
			name = LaunchScreen.storyboard;
			sourceTree = "<group>";
		};
/* End PBXVariantGroup section */

/* Begin XCBuildConfiguration section */
		C11B4B0424FF289100DAE2D3 /* Debug */ = {
			isa = XCBuildConfiguration;
			buildSettings = {
				ALWAYS_SEARCH_USER_PATHS = NO;
				CLANG_ANALYZER_NONNULL = YES;
				CLANG_ANALYZER_NUMBER_OBJECT_CONVERSION = YES_AGGRESSIVE;
				CLANG_CXX_LANGUAGE_STANDARD = "gnu++14";
				CLANG_CXX_LIBRARY = "libc++";
				CLANG_ENABLE_MODULES = YES;
				CLANG_ENABLE_OBJC_ARC = YES;
				CLANG_ENABLE_OBJC_WEAK = YES;
				CLANG_WARN_BLOCK_CAPTURE_AUTORELEASING = YES;
				CLANG_WARN_BOOL_CONVERSION = YES;
				CLANG_WARN_COMMA = YES;
				CLANG_WARN_CONSTANT_CONVERSION = YES;
				CLANG_WARN_DEPRECATED_OBJC_IMPLEMENTATIONS = YES;
				CLANG_WARN_DIRECT_OBJC_ISA_USAGE = YES_ERROR;
				CLANG_WARN_DOCUMENTATION_COMMENTS = YES;
				CLANG_WARN_EMPTY_BODY = YES;
				CLANG_WARN_ENUM_CONVERSION = YES;
				CLANG_WARN_INFINITE_RECURSION = YES;
				CLANG_WARN_INT_CONVERSION = YES;
				CLANG_WARN_NON_LITERAL_NULL_CONVERSION = YES;
				CLANG_WARN_OBJC_IMPLICIT_RETAIN_SELF = YES;
				CLANG_WARN_OBJC_LITERAL_CONVERSION = YES;
				CLANG_WARN_OBJC_ROOT_CLASS = YES_ERROR;
				CLANG_WARN_RANGE_LOOP_ANALYSIS = YES;
				CLANG_WARN_STRICT_PROTOTYPES = YES;
				CLANG_WARN_SUSPICIOUS_MOVE = YES;
				CLANG_WARN_UNGUARDED_AVAILABILITY = YES_AGGRESSIVE;
				CLANG_WARN_UNREACHABLE_CODE = YES;
				CLANG_WARN__DUPLICATE_METHOD_MATCH = YES;
				COPY_PHASE_STRIP = NO;
				DEBUG_INFORMATION_FORMAT = dwarf;
				ENABLE_STRICT_OBJC_MSGSEND = YES;
				ENABLE_TESTABILITY = YES;
				GCC_C_LANGUAGE_STANDARD = gnu11;
				GCC_DYNAMIC_NO_PIC = NO;
				GCC_NO_COMMON_BLOCKS = YES;
				GCC_OPTIMIZATION_LEVEL = 0;
				GCC_PREPROCESSOR_DEFINITIONS = (
					"DEBUG=1",
					"$(inherited)",
				);
				GCC_WARN_64_TO_32_BIT_CONVERSION = YES;
				GCC_WARN_ABOUT_RETURN_TYPE = YES_ERROR;
				GCC_WARN_UNDECLARED_SELECTOR = YES;
				GCC_WARN_UNINITIALIZED_AUTOS = YES_AGGRESSIVE;
				GCC_WARN_UNUSED_FUNCTION = YES;
				GCC_WARN_UNUSED_VARIABLE = YES;
				IPHONEOS_DEPLOYMENT_TARGET = 13.6;
				MTL_ENABLE_DEBUG_INFO = INCLUDE_SOURCE;
				MTL_FAST_MATH = YES;
				ONLY_ACTIVE_ARCH = YES;
				SDKROOT = iphoneos;
				SWIFT_ACTIVE_COMPILATION_CONDITIONS = DEBUG;
				SWIFT_OPTIMIZATION_LEVEL = "-Onone";
			};
			name = Debug;
		};
		C11B4B0524FF289100DAE2D3 /* Release */ = {
			isa = XCBuildConfiguration;
			buildSettings = {
				ALWAYS_SEARCH_USER_PATHS = NO;
				CLANG_ANALYZER_NONNULL = YES;
				CLANG_ANALYZER_NUMBER_OBJECT_CONVERSION = YES_AGGRESSIVE;
				CLANG_CXX_LANGUAGE_STANDARD = "gnu++14";
				CLANG_CXX_LIBRARY = "libc++";
				CLANG_ENABLE_MODULES = YES;
				CLANG_ENABLE_OBJC_ARC = YES;
				CLANG_ENABLE_OBJC_WEAK = YES;
				CLANG_WARN_BLOCK_CAPTURE_AUTORELEASING = YES;
				CLANG_WARN_BOOL_CONVERSION = YES;
				CLANG_WARN_COMMA = YES;
				CLANG_WARN_CONSTANT_CONVERSION = YES;
				CLANG_WARN_DEPRECATED_OBJC_IMPLEMENTATIONS = YES;
				CLANG_WARN_DIRECT_OBJC_ISA_USAGE = YES_ERROR;
				CLANG_WARN_DOCUMENTATION_COMMENTS = YES;
				CLANG_WARN_EMPTY_BODY = YES;
				CLANG_WARN_ENUM_CONVERSION = YES;
				CLANG_WARN_INFINITE_RECURSION = YES;
				CLANG_WARN_INT_CONVERSION = YES;
				CLANG_WARN_NON_LITERAL_NULL_CONVERSION = YES;
				CLANG_WARN_OBJC_IMPLICIT_RETAIN_SELF = YES;
				CLANG_WARN_OBJC_LITERAL_CONVERSION = YES;
				CLANG_WARN_OBJC_ROOT_CLASS = YES_ERROR;
				CLANG_WARN_RANGE_LOOP_ANALYSIS = YES;
				CLANG_WARN_STRICT_PROTOTYPES = YES;
				CLANG_WARN_SUSPICIOUS_MOVE = YES;
				CLANG_WARN_UNGUARDED_AVAILABILITY = YES_AGGRESSIVE;
				CLANG_WARN_UNREACHABLE_CODE = YES;
				CLANG_WARN__DUPLICATE_METHOD_MATCH = YES;
				COPY_PHASE_STRIP = NO;
				DEBUG_INFORMATION_FORMAT = "dwarf-with-dsym";
				ENABLE_NS_ASSERTIONS = NO;
				ENABLE_STRICT_OBJC_MSGSEND = YES;
				GCC_C_LANGUAGE_STANDARD = gnu11;
				GCC_NO_COMMON_BLOCKS = YES;
				GCC_WARN_64_TO_32_BIT_CONVERSION = YES;
				GCC_WARN_ABOUT_RETURN_TYPE = YES_ERROR;
				GCC_WARN_UNDECLARED_SELECTOR = YES;
				GCC_WARN_UNINITIALIZED_AUTOS = YES_AGGRESSIVE;
				GCC_WARN_UNUSED_FUNCTION = YES;
				GCC_WARN_UNUSED_VARIABLE = YES;
				IPHONEOS_DEPLOYMENT_TARGET = 13.6;
				MTL_ENABLE_DEBUG_INFO = NO;
				MTL_FAST_MATH = YES;
				SDKROOT = iphoneos;
				SWIFT_COMPILATION_MODE = wholemodule;
				SWIFT_OPTIMIZATION_LEVEL = "-O";
				VALIDATE_PRODUCT = YES;
			};
			name = Release;
		};
		C11B4B0724FF289100DAE2D3 /* Debug */ = {
			isa = XCBuildConfiguration;
			buildSettings = {
				ASSETCATALOG_COMPILER_APPICON_NAME = AppIcon;
				CODE_SIGN_STYLE = Automatic;
				DEVELOPMENT_TEAM = FMT3N2S3V8;
				INFOPLIST_FILE = "Birthday Tracker/Info.plist";
				LD_RUNPATH_SEARCH_PATHS = (
					"$(inherited)",
					"@executable_path/Frameworks",
				);
				PRODUCT_BUNDLE_IDENTIFIER = "anyapps.com.Birthday-Tracker";
				PRODUCT_NAME = "$(TARGET_NAME)";
				SWIFT_VERSION = 5.0;
				TARGETED_DEVICE_FAMILY = "1,2";
			};
			name = Debug;
		};
		C11B4B0824FF289100DAE2D3 /* Release */ = {
			isa = XCBuildConfiguration;
			buildSettings = {
				ASSETCATALOG_COMPILER_APPICON_NAME = AppIcon;
				CODE_SIGN_STYLE = Automatic;
				DEVELOPMENT_TEAM = FMT3N2S3V8;
				INFOPLIST_FILE = "Birthday Tracker/Info.plist";
				LD_RUNPATH_SEARCH_PATHS = (
					"$(inherited)",
					"@executable_path/Frameworks",
				);
				PRODUCT_BUNDLE_IDENTIFIER = "anyapps.com.Birthday-Tracker";
				PRODUCT_NAME = "$(TARGET_NAME)";
				SWIFT_VERSION = 5.0;
				TARGETED_DEVICE_FAMILY = "1,2";
			};
			name = Release;
		};
/* End XCBuildConfiguration section */

/* Begin XCConfigurationList section */
		C11B4AEA24FF288600DAE2D3 /* Build configuration list for PBXProject "Birthday Tracker" */ = {
			isa = XCConfigurationList;
			buildConfigurations = (
				C11B4B0424FF289100DAE2D3 /* Debug */,
				C11B4B0524FF289100DAE2D3 /* Release */,
			);
			defaultConfigurationIsVisible = 0;
			defaultConfigurationName = Release;
		};
		C11B4B0624FF289100DAE2D3 /* Build configuration list for PBXNativeTarget "Birthday Tracker" */ = {
			isa = XCConfigurationList;
			buildConfigurations = (
				C11B4B0724FF289100DAE2D3 /* Debug */,
				C11B4B0824FF289100DAE2D3 /* Release */,
			);
			defaultConfigurationIsVisible = 0;
			defaultConfigurationName = Release;
		};
/* End XCConfigurationList section */

/* Begin XCVersionGroup section */
		C11B4AFB24FF288600DAE2D3 /* Birthday_Tracker.xcdatamodeld */ = {
			isa = XCVersionGroup;
			children = (
				C11B4AFC24FF288600DAE2D3 /* Birthday_Tracker.xcdatamodel */,
			);
			currentVersion = C11B4AFC24FF288600DAE2D3 /* Birthday_Tracker.xcdatamodel */;
			path = Birthday_Tracker.xcdatamodeld;
			sourceTree = "<group>";
			versionGroupType = wrapper.xcdatamodel;
		};
/* End XCVersionGroup section */
	};
	rootObject = C11B4AE724FF288600DAE2D3 /* Project object */;
}
